
Microsoft Visual Studio Solution File, Format Version 12.00
# Visual Studio Version 17
VisualStudioVersion = 17.11.35222.181
MinimumVisualStudioVersion = 10.0.40219.1
Project("{2150E333-8FDC-42A3-9474-1A3956D46DE8}") = "src", "src", "{B25F9851-4948-4F0C-94B4-5FCC30E99470}"
EndProject
Project("{2150E333-8FDC-42A3-9474-1A3956D46DE8}") = "API", "API", "{875BB907-3CE3-49F6-A85A-CA24EABDD6E1}"
EndProject
Project("{2150E333-8FDC-42A3-9474-1A3956D46DE8}") = "Application", "Application", "{4E26C11E-F98C-46FA-92FE-10DE6AF171BE}"
EndProject
Project("{2150E333-8FDC-42A3-9474-1A3956D46DE8}") = "Persistence", "Persistence", "{52D76AC0-0D73-4899-83BA-E1BA29509227}"
EndProject
Project("{9A19103F-16F7-4668-BE54-9A1E7A4F7556}") = "CBRE.FacilityManagement.Audit.Application", "CBRE.FacilityManagement.Audit.Application\CBRE.FacilityManagement.Audit.Application.csproj", "{E4D2CF07-AEE3-49AE-A62F-6954861D6CB1}"
EndProject
Project("{9A19103F-16F7-4668-BE54-9A1E7A4F7556}") = "CBRE.FacilityManagement.Audit.Persistence", "CBRE.FacilityManagement.Audit.Persistence\CBRE.FacilityManagement.Audit.Persistence.csproj", "{CDF0797A-1C73-478D-9140-8B371B4DBC6C}"
EndProject
Project("{2150E333-8FDC-42A3-9474-1A3956D46DE8}") = "Core", "Core", "{411F5510-52DD-4297-8F78-D2F4B21511FA}"
EndProject
Project("{9A19103F-16F7-4668-BE54-9A1E7A4F7556}") = "CBRE.FacilityManagement.Audit.Core", "CBRE.FacilityManagement.Audit.Core\CBRE.FacilityManagement.Audit.Core.csproj", "{43A0235C-C710-4C87-842A-F447C0DE1184}"
EndProject
Project("{2150E333-8FDC-42A3-9474-1A3956D46DE8}") = "Infrastructure", "Infrastructure", "{631C1A1D-4C37-4F57-AFFC-F0DD44871B4C}"
EndProject
Project("{9A19103F-16F7-4668-BE54-9A1E7A4F7556}") = "CBRE.FacilityManagement.Audit.Infrastructure", "CBRE.FacilityManagement.Audit.Infrastructure\CBRE.FacilityManagement.Audit.Infrastructure.csproj", "{11722E84-5F5B-41B9-A493-A0B62875856F}"
EndProject
Project("{9A19103F-16F7-4668-BE54-9A1E7A4F7556}") = "CBRE.FacilityManagement.Audit.API", "CBRE.FacilityManagement.Audit.Api\CBRE.FacilityManagement.Audit.API.csproj", "{FC35A1A1-DB73-49CC-B652-3636FC36ACF7}"
EndProject
Project("{FAE04EC0-301F-11D3-BF4B-00C04F79EFBC}") = "TestOpenAI", "TestOpenAI\TestOpenAI.csproj", "{BBBCED09-F8AA-45CF-9866-7B61792AAD16}"
EndProject
Global
	GlobalSection(SolutionConfigurationPlatforms) = preSolution
		Debug|Any CPU = Debug|Any CPU
		Release|Any CPU = Release|Any CPU
	EndGlobalSection
	GlobalSection(ProjectConfigurationPlatforms) = postSolution
		{E4D2CF07-AEE3-49AE-A62F-6954861D6CB1}.Debug|Any CPU.ActiveCfg = Debug|Any CPU
		{E4D2CF07-AEE3-49AE-A62F-6954861D6CB1}.Debug|Any CPU.Build.0 = Debug|Any CPU
		{E4D2CF07-AEE3-49AE-A62F-6954861D6CB1}.Release|Any CPU.ActiveCfg = Release|Any CPU
		{E4D2CF07-AEE3-49AE-A62F-6954861D6CB1}.Release|Any CPU.Build.0 = Release|Any CPU
		{CDF0797A-1C73-478D-9140-8B371B4DBC6C}.Debug|Any CPU.ActiveCfg = Debug|Any CPU
		{CDF0797A-1C73-478D-9140-8B371B4DBC6C}.Debug|Any CPU.Build.0 = Debug|Any CPU
		{CDF0797A-1C73-478D-9140-8B371B4DBC6C}.Release|Any CPU.ActiveCfg = Release|Any CPU
		{CDF0797A-1C73-478D-9140-8B371B4DBC6C}.Release|Any CPU.Build.0 = Release|Any CPU
		{43A0235C-C710-4C87-842A-F447C0DE1184}.Debug|Any CPU.ActiveCfg = Debug|Any CPU
		{43A0235C-C710-4C87-842A-F447C0DE1184}.Debug|Any CPU.Build.0 = Debug|Any CPU
		{43A0235C-C710-4C87-842A-F447C0DE1184}.Release|Any CPU.ActiveCfg = Release|Any CPU
		{43A0235C-C710-4C87-842A-F447C0DE1184}.Release|Any CPU.Build.0 = Release|Any CPU
		{11722E84-5F5B-41B9-A493-A0B62875856F}.Debug|Any CPU.ActiveCfg = Debug|Any CPU
		{11722E84-5F5B-41B9-A493-A0B62875856F}.Debug|Any CPU.Build.0 = Debug|Any CPU
		{11722E84-5F5B-41B9-A493-A0B62875856F}.Release|Any CPU.ActiveCfg = Release|Any CPU
		{11722E84-5F5B-41B9-A493-A0B62875856F}.Release|Any CPU.Build.0 = Release|Any CPU
		{FC35A1A1-DB73-49CC-B652-3636FC36ACF7}.Debug|Any CPU.ActiveCfg = Debug|Any CPU
		{FC35A1A1-DB73-49CC-B652-3636FC36ACF7}.Debug|Any CPU.Build.0 = Debug|Any CPU
		{FC35A1A1-DB73-49CC-B652-3636FC36ACF7}.Release|Any CPU.ActiveCfg = Release|Any CPU
		{FC35A1A1-DB73-49CC-B652-3636FC36ACF7}.Release|Any CPU.Build.0 = Release|Any CPU
		{BBBCED09-F8AA-45CF-9866-7B61792AAD16}.Debug|Any CPU.ActiveCfg = Debug|Any CPU
		{BBBCED09-F8AA-45CF-9866-7B61792AAD16}.Debug|Any CPU.Build.0 = Debug|Any CPU
		{BBBCED09-F8AA-45CF-9866-7B61792AAD16}.Release|Any CPU.ActiveCfg = Release|Any CPU
		{BBBCED09-F8AA-45CF-9866-7B61792AAD16}.Release|Any CPU.Build.0 = Release|Any CPU
	EndGlobalSection
	GlobalSection(SolutionProperties) = preSolution
		HideSolutionNode = FALSE
	EndGlobalSection
	GlobalSection(NestedProjects) = preSolution
		{875BB907-3CE3-49F6-A85A-CA24EABDD6E1} = {B25F9851-4948-4F0C-94B4-5FCC30E99470}
		{4E26C11E-F98C-46FA-92FE-10DE6AF171BE} = {B25F9851-4948-4F0C-94B4-5FCC30E99470}
		{52D76AC0-0D73-4899-83BA-E1BA29509227} = {B25F9851-4948-4F0C-94B4-5FCC30E99470}
		{E4D2CF07-AEE3-49AE-A62F-6954861D6CB1} = {4E26C11E-F98C-46FA-92FE-10DE6AF171BE}
		{CDF0797A-1C73-478D-9140-8B371B4DBC6C} = {52D76AC0-0D73-4899-83BA-E1BA29509227}
		{411F5510-52DD-4297-8F78-D2F4B21511FA} = {B25F9851-4948-4F0C-94B4-5FCC30E99470}
		{43A0235C-C710-4C87-842A-F447C0DE1184} = {411F5510-52DD-4297-8F78-D2F4B21511FA}
		{631C1A1D-4C37-4F57-AFFC-F0DD44871B4C} = {B25F9851-4948-4F0C-94B4-5FCC30E99470}
		{11722E84-5F5B-41B9-A493-A0B62875856F} = {631C1A1D-4C37-4F57-AFFC-F0DD44871B4C}
		{FC35A1A1-DB73-49CC-B652-3636FC36ACF7} = {875BB907-3CE3-49F6-A85A-CA24EABDD6E1}
		{BBBCED09-F8AA-45CF-9866-7B61792AAD16} = {631C1A1D-4C37-4F57-AFFC-F0DD44871B4C}
	EndGlobalSection
	GlobalSection(ExtensibilityGlobals) = postSolution
		SolutionGuid = {EFA8B20F-C57F-41D3-823A-5F64D4CA9B03}
	EndGlobalSection
EndGlobal
